
Microsoft Visual Studio Solution File, Format Version 12.00
# Visual Studio Version 17
VisualStudioVersion = 17.8.34330.188
MinimumVisualStudioVersion = 10.0.40219.1
Project("{9A19103F-16F7-4668-BE54-9A1E7A4F7556}") = "NotiGest", "NotiGest\NotiGest.csproj", "{235AFC7B-D75D-4697-B1D1-8F1E2A5BE4DC}"
EndProject
Project("{FAE04EC0-301F-11D3-BF4B-00C04F79EFBC}") = "Infrastructure", "Infrastructure\Infrastructure.csproj", "{244529F8-2C29-4B98-B2AB-E3A424F67D9A}"
EndProject
Project("{FAE04EC0-301F-11D3-BF4B-00C04F79EFBC}") = "Core", "Core\Core.csproj", "{B4C46B53-C786-460D-B153-633E538ED257}"
EndProject
Project("{FAE04EC0-301F-11D3-BF4B-00C04F79EFBC}") = "Application", "Application\Application.csproj", "{1FE504BA-B1CD-45D8-BD28-767A192E37B5}"
EndProject
Global
	GlobalSection(SolutionConfigurationPlatforms) = preSolution
		Debug|Any CPU = Debug|Any CPU
		Release|Any CPU = Release|Any CPU
	EndGlobalSection
	GlobalSection(ProjectConfigurationPlatforms) = postSolution
		{235AFC7B-D75D-4697-B1D1-8F1E2A5BE4DC}.Debug|Any CPU.ActiveCfg = Debug|Any CPU
		{235AFC7B-D75D-4697-B1D1-8F1E2A5BE4DC}.Debug|Any CPU.Build.0 = Debug|Any CPU
		{235AFC7B-D75D-4697-B1D1-8F1E2A5BE4DC}.Release|Any CPU.ActiveCfg = Release|Any CPU
		{235AFC7B-D75D-4697-B1D1-8F1E2A5BE4DC}.Release|Any CPU.Build.0 = Release|Any CPU
		{244529F8-2C29-4B98-B2AB-E3A424F67D9A}.Debug|Any CPU.ActiveCfg = Debug|Any CPU
		{244529F8-2C29-4B98-B2AB-E3A424F67D9A}.Debug|Any CPU.Build.0 = Debug|Any CPU
		{244529F8-2C29-4B98-B2AB-E3A424F67D9A}.Release|Any CPU.ActiveCfg = Release|Any CPU
		{244529F8-2C29-4B98-B2AB-E3A424F67D9A}.Release|Any CPU.Build.0 = Release|Any CPU
		{B4C46B53-C786-460D-B153-633E538ED257}.Debug|Any CPU.ActiveCfg = Debug|Any CPU
		{B4C46B53-C786-460D-B153-633E538ED257}.Debug|Any CPU.Build.0 = Debug|Any CPU
		{B4C46B53-C786-460D-B153-633E538ED257}.Release|Any CPU.ActiveCfg = Release|Any CPU
		{B4C46B53-C786-460D-B153-633E538ED257}.Release|Any CPU.Build.0 = Release|Any CPU
		{1FE504BA-B1CD-45D8-BD28-767A192E37B5}.Debug|Any CPU.ActiveCfg = Debug|Any CPU
		{1FE504BA-B1CD-45D8-BD28-767A192E37B5}.Debug|Any CPU.Build.0 = Debug|Any CPU
		{1FE504BA-B1CD-45D8-BD28-767A192E37B5}.Release|Any CPU.ActiveCfg = Release|Any CPU
		{1FE504BA-B1CD-45D8-BD28-767A192E37B5}.Release|Any CPU.Build.0 = Release|Any CPU
	EndGlobalSection
	GlobalSection(SolutionProperties) = preSolution
		HideSolutionNode = FALSE
	EndGlobalSection
	GlobalSection(ExtensibilityGlobals) = postSolution
		SolutionGuid = {162D7882-D36E-4E13-8B19-0A641299B9FF}
	EndGlobalSection
EndGlobal
